// !$*UTF8*$!
{
	archiveVersion = 1;
	classes = {
	};
	objectVersion = 46;
	objects = {

/* Begin PBXBuildFile section */
		2473EB991F320449006F814D /* main.m in Sources */ = {isa = PBXBuildFile; fileRef = 2473EB981F320449006F814D /* main.m */; };
		2473EB9C1F320449006F814D /* AppDelegate.m in Sources */ = {isa = PBXBuildFile; fileRef = 2473EB9B1F320449006F814D /* AppDelegate.m */; };
		2473EB9E1F320449006F814D /* Assets.xcassets in Resources */ = {isa = PBXBuildFile; fileRef = 2473EB9D1F320449006F814D /* Assets.xcassets */; };
		2473EBA11F320449006F814D /* LaunchScreen.storyboard in Resources */ = {isa = PBXBuildFile; fileRef = 2473EB9F1F320449006F814D /* LaunchScreen.storyboard */; };
		2473EBAA1F320480006F814D /* MyCollectionViewController.m in Sources */ = {isa = PBXBuildFile; fileRef = 2473EBA91F320480006F814D /* MyCollectionViewController.m */; };
		2473EBB31F320555006F814D /* CollectionViewCell.m in Sources */ = {isa = PBXBuildFile; fileRef = 2473EBB21F320555006F814D /* CollectionViewCell.m */; };
		2473EBB61F320577006F814D /* MyLayout.m in Sources */ = {isa = PBXBuildFile; fileRef = 2473EBB51F320577006F814D /* MyLayout.m */; };
/* End PBXBuildFile section */

/* Begin PBXFileReference section */
		2473EB941F320449006F814D /* MyCollectionView.app */ = {isa = PBXFileReference; explicitFileType = wrapper.application; includeInIndex = 0; path = MyCollectionView.app; sourceTree = BUILT_PRODUCTS_DIR; };
		2473EB981F320449006F814D /* main.m */ = {isa = PBXFileReference; lastKnownFileType = sourcecode.c.objc; path = main.m; sourceTree = "<group>"; };
		2473EB9A1F320449006F814D /* AppDelegate.h */ = {isa = PBXFileReference; lastKnownFileType = sourcecode.c.h; path = AppDelegate.h; sourceTree = "<group>"; };
		2473EB9B1F320449006F814D /* AppDelegate.m */ = {isa = PBXFileReference; lastKnownFileType = sourcecode.c.objc; path = AppDelegate.m; sourceTree = "<group>"; };
		2473EB9D1F320449006F814D /* Assets.xcassets */ = {isa = PBXFileReference; lastKnownFileType = folder.assetcatalog; path = Assets.xcassets; sourceTree = "<group>"; };
		2473EBA01F320449006F814D /* Base */ = {isa = PBXFileReference; lastKnownFileType = file.storyboard; name = Base; path = Base.lproj/LaunchScreen.storyboard; sourceTree = "<group>"; };
		2473EBA21F320449006F814D /* Info.plist */ = {isa = PBXFileReference; lastKnownFileType = text.plist.xml; path = Info.plist; sourceTree = "<group>"; };
		2473EBA81F320480006F814D /* MyCollectionViewController.h */ = {isa = PBXFileReference; fileEncoding = 4; lastKnownFileType = sourcecode.c.h; path = MyCollectionViewController.h; sourceTree = "<group>"; };
		2473EBA91F320480006F814D /* MyCollectionViewController.m */ = {isa = PBXFileReference; fileEncoding = 4; lastKnownFileType = sourcecode.c.objc; path = MyCollectionViewController.m; sourceTree = "<group>"; };
		2473EBB11F320555006F814D /* CollectionViewCell.h */ = {isa = PBXFileReference; fileEncoding = 4; lastKnownFileType = sourcecode.c.h; name = CollectionViewCell.h; path = ../CollectionViewCell.h; sourceTree = "<group>"; };
		2473EBB21F320555006F814D /* CollectionViewCell.m */ = {isa = PBXFileReference; fileEncoding = 4; lastKnownFileType = sourcecode.c.objc; name = CollectionViewCell.m; path = ../CollectionViewCell.m; sourceTree = "<group>"; };
		2473EBB41F320577006F814D /* MyLayout.h */ = {isa = PBXFileReference; fileEncoding = 4; lastKnownFileType = sourcecode.c.h; path = MyLayout.h; sourceTree = "<group>"; };
		2473EBB51F320577006F814D /* MyLayout.m */ = {isa = PBXFileReference; fileEncoding = 4; lastKnownFileType = sourcecode.c.objc; path = MyLayout.m; sourceTree = "<group>"; };
/* End PBXFileReference section */

/* Begin PBXFrameworksBuildPhase section */
		2473EB911F320449006F814D /* Frameworks */ = {
			isa = PBXFrameworksBuildPhase;
			buildActionMask = 2147483647;
			files = (
			);
			runOnlyForDeploymentPostprocessing = 0;
		};
/* End PBXFrameworksBuildPhase section */

/* Begin PBXGroup section */
		2473EB8B1F320449006F814D = {
			isa = PBXGroup;
			children = (
				2473EB961F320449006F814D /* MyCollectionView */,
				2473EB951F320449006F814D /* Products */,
			);
			sourceTree = "<group>";
		};
		2473EB951F320449006F814D /* Products */ = {
			isa = PBXGroup;
			children = (
				2473EB941F320449006F814D /* MyCollectionView.app */,
			);
			name = Products;
			sourceTree = "<group>";
		};
		2473EB961F320449006F814D /* MyCollectionView */ = {
			isa = PBXGroup;
			children = (
				2473EB9A1F320449006F814D /* AppDelegate.h */,
				2473EB9B1F320449006F814D /* AppDelegate.m */,
				2473EB9D1F320449006F814D /* Assets.xcassets */,
				2473EB9F1F320449006F814D /* LaunchScreen.storyboard */,
				2473EBA21F320449006F814D /* Info.plist */,
				2473EB971F320449006F814D /* Supporting Files */,
				2473EBA81F320480006F814D /* MyCollectionViewController.h */,
				2473EBA91F320480006F814D /* MyCollectionViewController.m */,
				2473EBB11F320555006F814D /* CollectionViewCell.h */,
				2473EBB21F320555006F814D /* CollectionViewCell.m */,
				2473EBB41F320577006F814D /* MyLayout.h */,
				2473EBB51F320577006F814D /* MyLayout.m */,
			);
			path = MyCollectionView;
			sourceTree = "<group>";
		};
		2473EB971F320449006F814D /* Supporting Files */ = {
			isa = PBXGroup;
			children = (
				2473EB981F320449006F814D /* main.m */,
			);
			name = "Supporting Files";
			sourceTree = "<group>";
		};
/* End PBXGroup section */

/* Begin PBXNativeTarget section */
		2473EB931F320449006F814D /* MyCollectionView */ = {
			isa = PBXNativeTarget;
			buildConfigurationList = 2473EBA51F320449006F814D /* Build configuration list for PBXNativeTarget "MyCollectionView" */;
			buildPhases = (
				2473EB901F320449006F814D /* Sources */,
				2473EB911F320449006F814D /* Frameworks */,
				2473EB921F320449006F814D /* Resources */,
			);
			buildRules = (
			);
			dependencies = (
			);
			name = MyCollectionView;
			productName = MyCollectionView;
			productReference = 2473EB941F320449006F814D /* MyCollectionView.app */;
			productType = "com.apple.product-type.application";
		};
/* End PBXNativeTarget section */

/* Begin PBXProject section */
		2473EB8C1F320449006F814D /* Project object */ = {
			isa = PBXProject;
			attributes = {
				LastUpgradeCheck = 0830;
				ORGANIZATIONNAME = "Xu,Chao(MMS)";
				TargetAttributes = {
					2473EB931F320449006F814D = {
						CreatedOnToolsVersion = 8.3.3;
						DevelopmentTeam = U8MTZKD85C;
						ProvisioningStyle = Automatic;
					};
				};
			};
			buildConfigurationList = 2473EB8F1F320449006F814D /* Build configuration list for PBXProject "MyCollectionView" */;
			compatibilityVersion = "Xcode 3.2";
			developmentRegion = English;
			hasScannedForEncodings = 0;
			knownRegions = (
				en,
				Base,
			);
			mainGroup = 2473EB8B1F320449006F814D;
			productRefGroup = 2473EB951F320449006F814D /* Products */;
			projectDirPath = "";
			projectRoot = "";
			targets = (
				2473EB931F320449006F814D /* MyCollectionView */,
			);
		};
/* End PBXProject section */

/* Begin PBXResourcesBuildPhase section */
		2473EB921F320449006F814D /* Resources */ = {
			isa = PBXResourcesBuildPhase;
			buildActionMask = 2147483647;
			files = (
				2473EB9E1F320449006F814D /* Assets.xcassets in Resources */,
				2473EBA11F320449006F814D /* LaunchScreen.storyboard in Resources */,
			);
			runOnlyForDeploymentPostprocessing = 0;
		};
/* End PBXResourcesBuildPhase section */

/* Begin PBXSourcesBuildPhase section */
		2473EB901F320449006F814D /* Sources */ = {
			isa = PBXSourcesBuildPhase;
			buildActionMask = 2147483647;
			files = (
				2473EB9C1F320449006F814D /* AppDelegate.m in Sources */,
				2473EB991F320449006F814D /* main.m in Sources */,
				2473EBB31F320555006F814D /* CollectionViewCell.m in Sources */,
				2473EBAA1F320480006F814D /* MyCollectionViewController.m in Sources */,
				2473EBB61F320577006F814D /* MyLayout.m in Sources */,
			);
			runOnlyForDeploymentPostprocessing = 0;
		};
/* End PBXSourcesBuildPhase section */

/* Begin PBXVariantGroup section */
		2473EB9F1F320449006F814D /* LaunchScreen.storyboard */ = {
			isa = PBXVariantGroup;
			children = (
				2473EBA01F320449006F814D /* Base */,
			);
			name = LaunchScreen.storyboard;
			sourceTree = "<group>";
		};
/* End PBXVariantGroup section */

/* Begin XCBuildConfiguration section */
		2473EBA31F320449006F814D /* Debug */ = {
			isa = XCBuildConfiguration;
			buildSettings = {
				ALWAYS_SEARCH_USER_PATHS = NO;
				CLANG_ANALYZER_NONNULL = YES;
				CLANG_ANALYZER_NUMBER_OBJECT_CONVERSION = YES_AGGRESSIVE;
				CLANG_CXX_LANGUAGE_STANDARD = "gnu++0x";
				CLANG_CXX_LIBRARY = "libc++";
				CLANG_ENABLE_MODULES = YES;
				CLANG_ENABLE_OBJC_ARC = YES;
				CLANG_WARN_BOOL_CONVERSION = YES;
				CLANG_WARN_CONSTANT_CONVERSION = YES;
				CLANG_WARN_DIRECT_OBJC_ISA_USAGE = YES_ERROR;
				CLANG_WARN_DOCUMENTATION_COMMENTS = YES;
				CLANG_WARN_EMPTY_BODY = YES;
				CLANG_WARN_ENUM_CONVERSION = YES;
				CLANG_WARN_INFINITE_RECURSION = YES;
				CLANG_WARN_INT_CONVERSION = YES;
				CLANG_WARN_OBJC_ROOT_CLASS = YES_ERROR;
				CLANG_WARN_SUSPICIOUS_MOVE = YES;
				CLANG_WARN_UNREACHABLE_CODE = YES;
				CLANG_WARN__DUPLICATE_METHOD_MATCH = YES;
				"CODE_SIGN_IDENTITY[sdk=iphoneos*]" = "iPhone Developer";
				COPY_PHASE_STRIP = NO;
				DEBUG_INFORMATION_FORMAT = dwarf;
				ENABLE_STRICT_OBJC_MSGSEND = YES;
				ENABLE_TESTABILITY = YES;
				GCC_C_LANGUAGE_STANDARD = gnu99;
				GCC_DYNAMIC_NO_PIC = NO;
				GCC_NO_COMMON_BLOCKS = YES;
				GCC_OPTIMIZATION_LEVEL = 0;
				GCC_PREPROCESSOR_DEFINITIONS = (
					"DEBUG=1",
					"$(inherited)",
				);
				GCC_WARN_64_TO_32_BIT_CONVERSION = YES;
				GCC_WARN_ABOUT_RETURN_TYPE = YES_ERROR;
				GCC_WARN_UNDECLARED_SELECTOR = YES;
				GCC_WARN_UNINITIALIZED_AUTOS = YES_AGGRESSIVE;
				GCC_WARN_UNUSED_FUNCTION = YES;
				GCC_WARN_UNUSED_VARIABLE = YES;
				IPHONEOS_DEPLOYMENT_TARGET = 10.3;
				MTL_ENABLE_DEBUG_INFO = YES;
				ONLY_ACTIVE_ARCH = YES;
				SDKROOT = iphoneos;
				TARGETED_DEVICE_FAMILY = "1,2";
			};
			name = Debug;
		};
		2473EBA41F320449006F814D /* Release */ = {
			isa = XCBuildConfiguration;
			buildSettings = {
				ALWAYS_SEARCH_USER_PATHS = NO;
				CLANG_ANALYZER_NONNULL = YES;
				CLANG_ANALYZER_NUMBER_OBJECT_CONVERSION = YES_AGGRESSIVE;
				CLANG_CXX_LANGUAGE_STANDARD = "gnu++0x";
				CLANG_CXX_LIBRARY = "libc++";
				CLANG_ENABLE_MODULES = YES;
				CLANG_ENABLE_OBJC_ARC = YES;
				CLANG_WARN_BOOL_CONVERSION = YES;
				CLANG_WARN_CONSTANT_CONVERSION = YES;
				CLANG_WARN_DIRECT_OBJC_ISA_USAGE = YES_ERROR;
				CLANG_WARN_DOCUMENTATION_COMMENTS = YES;
				CLANG_WARN_EMPTY_BODY = YES;
				CLANG_WARN_ENUM_CONVERSION = YES;
				CLANG_WARN_INFINITE_RECURSION = YES;
				CLANG_WARN_INT_CONVERSION = YES;
				CLANG_WARN_OBJC_ROOT_CLASS = YES_ERROR;
				CLANG_WARN_SUSPICIOUS_MOVE = YES;
				CLANG_WARN_UNREACHABLE_CODE = YES;
				CLANG_WARN__DUPLICATE_METHOD_MATCH = YES;
				"CODE_SIGN_IDENTITY[sdk=iphoneos*]" = "iPhone Developer";
				COPY_PHASE_STRIP = NO;
				DEBUG_INFORMATION_FORMAT = "dwarf-with-dsym";
				ENABLE_NS_ASSERTIONS = NO;
				ENABLE_STRICT_OBJC_MSGSEND = YES;
				GCC_C_LANGUAGE_STANDARD = gnu99;
				GCC_NO_COMMON_BLOCKS = YES;
				GCC_WARN_64_TO_32_BIT_CONVERSION = YES;
				GCC_WARN_ABOUT_RETURN_TYPE = YES_ERROR;
				GCC_WARN_UNDECLARED_SELECTOR = YES;
				GCC_WARN_UNINITIALIZED_AUTOS = YES_AGGRESSIVE;
				GCC_WARN_UNUSED_FUNCTION = YES;
				GCC_WARN_UNUSED_VARIABLE = YES;
				IPHONEOS_DEPLOYMENT_TARGET = 10.3;
				MTL_ENABLE_DEBUG_INFO = NO;
				SDKROOT = iphoneos;
				TARGETED_DEVICE_FAMILY = "1,2";
				VALIDATE_PRODUCT = YES;
			};
			name = Release;
		};
		2473EBA61F320449006F814D /* Debug */ = {
			isa = XCBuildConfiguration;
			buildSettings = {
				ASSETCATALOG_COMPILER_APPICON_NAME = AppIcon;
				DEVELOPMENT_TEAM = U8MTZKD85C;
				INFOPLIST_FILE = MyCollectionView/Info.plist;
				LD_RUNPATH_SEARCH_PATHS = "$(inherited) @executable_path/Frameworks";
				PRODUCT_BUNDLE_IDENTIFIER = com.faith;
				PRODUCT_NAME = "$(TARGET_NAME)";
			};
			name = Debug;
		};
		2473EBA71F320449006F814D /* Release */ = {
			isa = XCBuildConfiguration;
			buildSettings = {
				ASSETCATALOG_COMPILER_APPICON_NAME = AppIcon;
				DEVELOPMENT_TEAM = U8MTZKD85C;
				INFOPLIST_FILE = MyCollectionView/Info.plist;
				LD_RUNPATH_SEARCH_PATHS = "$(inherited) @executable_path/Frameworks";
				PRODUCT_BUNDLE_IDENTIFIER = com.faith;
				PRODUCT_NAME = "$(TARGET_NAME)";
			};
			name = Release;
		};
/* End XCBuildConfiguration section */

/* Begin XCConfigurationList section */
		2473EB8F1F320449006F814D /* Build configuration list for PBXProject "MyCollectionView" */ = {
			isa = XCConfigurationList;
			buildConfigurations = (
				2473EBA31F320449006F814D /* Debug */,
				2473EBA41F320449006F814D /* Release */,
			);
			defaultConfigurationIsVisible = 0;
			defaultConfigurationName = Release;
		};
		2473EBA51F320449006F814D /* Build configuration list for PBXNativeTarget "MyCollectionView" */ = {
			isa = XCConfigurationList;
			buildConfigurations = (
				2473EBA61F320449006F814D /* Debug */,
				2473EBA71F320449006F814D /* Release */,
			);
			defaultConfigurationIsVisible = 0;
			defaultConfigurationName = Release;
		};
/* End XCConfigurationList section */
	};
	rootObject = 2473EB8C1F320449006F814D /* Project object */;
}
